<?xml version="1.0" encoding="utf-8"?>
<Project ToolsVersion="4.0" xmlns="http://schemas.microsoft.com/developer/msbuild/2003">
  <ItemGroup>
    <Filter Include="Source Files">
      <UniqueIdentifier>{4FC737F1-C7A5-4376-A066-2A32D752A2FF}</UniqueIdentifier>
      <Extensions>cpp;c;cc;cxx;c++;cppm;ixx;def;odl;idl;hpj;bat;asm;asmx</Extensions>
    </Filter>
    <Filter Include="Header Files">
      <UniqueIdentifier>{93995380-89BD-4b04-88EB-625FBE52EBFB}</UniqueIdentifier>
      <Extensions>h;hh;hpp;hxx;h++;hm;inl;inc;ipp;xsd</Extensions>
    </Filter>
    <Filter Include="Resource Files">
      <UniqueIdentifier>{67DA6AB6-F800-4c08-8B7A-83BB121AAD01}</UniqueIdentifier>
      <Extensions>rc;ico;cur;bmp;dlg;rc2;rct;bin;rgs;gif;jpg;jpeg;jpe;resx;tiff;tif;png;wav;mfcribbon-ms</Extensions>
    </Filter>
  </ItemGroup>
  <ItemGroup>
    <ClCompile Include="FMI JIRA.cpp">
      <Filter>Source Files</Filter>
    </ClCompile>
    <ClCompile Include="Source\Exceptions\AppException.cpp">
      <Filter>Source Files</Filter>
    </ClCompile>
    <ClCompile Include="Source\Exceptions\JiraInvalidArgumentException.cpp">
      <Filter>Source Files</Filter>
    </ClCompile>
    <ClCompile Include="Source\Utils\Date.cpp">
      <Filter>Source Files</Filter>
    </ClCompile>
    <ClCompile Include="Source\Exceptions\JiraDateFormatException.cpp">
      <Filter>Source Files</Filter>
    </ClCompile>
    <ClCompile Include="Source\Models\Users\User.cpp">
      <Filter>Source Files</Filter>
    </ClCompile>
    <ClCompile Include="Source\Models\Users\Student.cpp">
      <Filter>Source Files</Filter>
    </ClCompile>
    <ClCompile Include="Source\Models\Users\TeachingAssistant.cpp">
      <Filter>Source Files</Filter>
    </ClCompile>
    <ClCompile Include="Source\Models\Users\Lecturer.cpp">
      <Filter>Source Files</Filter>
    </ClCompile>
    <ClCompile Include="Source\Models\Users\Administrator.cpp">
      <Filter>Source Files</Filter>
    </ClCompile>
    <ClCompile Include="Source\Exceptions\JiraStateException.cpp">
      <Filter>Source Files</Filter>
    </ClCompile>
  </ItemGroup>
  <ItemGroup>
    <ClInclude Include="Source\Utils\Enums\UserRole.h">
      <Filter>Header Files</Filter>
    </ClInclude>
    <ClInclude Include="Source\Utils\Enums\TaskType.h">
      <Filter>Header Files</Filter>
    </ClInclude>
    <ClInclude Include="Source\Utils\Enums\TaskPriority.h">
      <Filter>Header Files</Filter>
    </ClInclude>
    <ClInclude Include="Source\Utils\Enums\TaskStatus.h">
      <Filter>Header Files</Filter>
    </ClInclude>
    <ClInclude Include="Source\Utils\Enums\ProjectStatus.h">
      <Filter>Header Files</Filter>
    </ClInclude>
    <ClInclude Include="Source\Utils\Enums\StageStatus.h">
      <Filter>Header Files</Filter>
    </ClInclude>
    <ClInclude Include="Source\Exceptions\AppException.h">
      <Filter>Header Files</Filter>
    </ClInclude>
    <ClInclude Include="Source\Exceptions\JiraInvalidArgumentException.h">
      <Filter>Header Files</Filter>
    </ClInclude>
    <ClInclude Include="Source\Utils\Date.h">
      <Filter>Header Files</Filter>
    </ClInclude>
    <ClInclude Include="Source\Exceptions\JiraDateFormatException.h">
      <Filter>Header Files</Filter>
    </ClInclude>
    <ClInclude Include="Source\Models\Users\User.h">
      <Filter>Header Files</Filter>
    </ClInclude>
    <ClInclude Include="Source\Models\Users\Student.h">
      <Filter>Header Files</Filter>
    </ClInclude>
    <ClInclude Include="Source\Models\Users\TeachingAssistant.h">
      <Filter>Header Files</Filter>
    </ClInclude>
    <ClInclude Include="Source\Models\Users\Lecturer.h">
      <Filter>Header Files</Filter>
    </ClInclude>
    <ClInclude Include="Source\Models\Users\Administrator.h">
      <Filter>Header Files</Filter>
    </ClInclude>
    <ClInclude Include="Source\Exceptions\JiraStateException.h">
      <Filter>Header Files</Filter>
    </ClInclude>
  </ItemGroup>
</Project>